// !$*UTF8*$!
{
	archiveVersion = 1;
	classes = {
	};
	objectVersion = 51;
	objects = {

/* Begin PBXBuildFile section */
		184A868523FD0D2C00A07654 /* Const.swift in Sources */ = {isa = PBXBuildFile; fileRef = 184A868423FD0D2C00A07654 /* Const.swift */; };
		184A868723FD101000A07654 /* PostData.swift in Sources */ = {isa = PBXBuildFile; fileRef = 184A868623FD101000A07654 /* PostData.swift */; };
		184A868A23FD10FE00A07654 /* PostTableViewCell.swift in Sources */ = {isa = PBXBuildFile; fileRef = 184A868823FD10FE00A07654 /* PostTableViewCell.swift */; };
		184A868B23FD10FE00A07654 /* PostTableViewCell.xib in Resources */ = {isa = PBXBuildFile; fileRef = 184A868923FD10FE00A07654 /* PostTableViewCell.xib */; };
		185091B323FE529800FD2136 /* CommentViewController.swift in Sources */ = {isa = PBXBuildFile; fileRef = 185091B223FE529800FD2136 /* CommentViewController.swift */; };
		185091B523FE83F100FD2136 /* PlaceHolderTextView.swift in Sources */ = {isa = PBXBuildFile; fileRef = 185091B423FE83F100FD2136 /* PlaceHolderTextView.swift */; };
		18527D3223FBC61C007126AB /* GoogleService-Info.plist in Resources */ = {isa = PBXBuildFile; fileRef = 18527D3123FBC61C007126AB /* GoogleService-Info.plist */; };
		1855444423FA756D00355951 /* AppDelegate.swift in Sources */ = {isa = PBXBuildFile; fileRef = 1855444323FA756D00355951 /* AppDelegate.swift */; };
		1855444623FA756D00355951 /* SceneDelegate.swift in Sources */ = {isa = PBXBuildFile; fileRef = 1855444523FA756D00355951 /* SceneDelegate.swift */; };
		1855444B23FA756D00355951 /* Main.storyboard in Resources */ = {isa = PBXBuildFile; fileRef = 1855444923FA756D00355951 /* Main.storyboard */; };
		1855444D23FA757400355951 /* Assets.xcassets in Resources */ = {isa = PBXBuildFile; fileRef = 1855444C23FA757400355951 /* Assets.xcassets */; };
		1855445023FA757400355951 /* LaunchScreen.storyboard in Resources */ = {isa = PBXBuildFile; fileRef = 1855444E23FA757400355951 /* LaunchScreen.storyboard */; };
		1855445823FA782500355951 /* LoginViewController.swift in Sources */ = {isa = PBXBuildFile; fileRef = 1855445723FA782500355951 /* LoginViewController.swift */; };
		1855445A23FA784000355951 /* HomeViewController.swift in Sources */ = {isa = PBXBuildFile; fileRef = 1855445923FA784000355951 /* HomeViewController.swift */; };
		1855445C23FA785400355951 /* ImageSelectViewController.swift in Sources */ = {isa = PBXBuildFile; fileRef = 1855445B23FA785400355951 /* ImageSelectViewController.swift */; };
		1855445E23FA786700355951 /* PostViewController.swift in Sources */ = {isa = PBXBuildFile; fileRef = 1855445D23FA786700355951 /* PostViewController.swift */; };
		1855446023FA787600355951 /* SettingViewController.swift in Sources */ = {isa = PBXBuildFile; fileRef = 1855445F23FA787600355951 /* SettingViewController.swift */; };
		1855446223FA823500355951 /* TabBarController.swift in Sources */ = {isa = PBXBuildFile; fileRef = 1855446123FA823500355951 /* TabBarController.swift */; };
		4CBC719C4F6F97CEB11295D7 /* Pods_Instagram.framework in Frameworks */ = {isa = PBXBuildFile; fileRef = B00C3F8FB286D3BE67EF1617 /* Pods_Instagram.framework */; };
/* End PBXBuildFile section */

/* Begin PBXFileReference section */
		184A868423FD0D2C00A07654 /* Const.swift */ = {isa = PBXFileReference; lastKnownFileType = sourcecode.swift; path = Const.swift; sourceTree = "<group>"; };
		184A868623FD101000A07654 /* PostData.swift */ = {isa = PBXFileReference; lastKnownFileType = sourcecode.swift; path = PostData.swift; sourceTree = "<group>"; };
		184A868823FD10FE00A07654 /* PostTableViewCell.swift */ = {isa = PBXFileReference; lastKnownFileType = sourcecode.swift; path = PostTableViewCell.swift; sourceTree = "<group>"; };
		184A868923FD10FE00A07654 /* PostTableViewCell.xib */ = {isa = PBXFileReference; lastKnownFileType = file.xib; path = PostTableViewCell.xib; sourceTree = "<group>"; };
		185091B223FE529800FD2136 /* CommentViewController.swift */ = {isa = PBXFileReference; lastKnownFileType = sourcecode.swift; path = CommentViewController.swift; sourceTree = "<group>"; };
		185091B423FE83F100FD2136 /* PlaceHolderTextView.swift */ = {isa = PBXFileReference; lastKnownFileType = sourcecode.swift; path = PlaceHolderTextView.swift; sourceTree = "<group>"; };
		18527D3123FBC61C007126AB /* GoogleService-Info.plist */ = {isa = PBXFileReference; fileEncoding = 4; lastKnownFileType = text.plist.xml; path = "GoogleService-Info.plist"; sourceTree = "<group>"; };
		1855444023FA756D00355951 /* Instagram.app */ = {isa = PBXFileReference; explicitFileType = wrapper.application; includeInIndex = 0; path = Instagram.app; sourceTree = BUILT_PRODUCTS_DIR; };
		1855444323FA756D00355951 /* AppDelegate.swift */ = {isa = PBXFileReference; lastKnownFileType = sourcecode.swift; path = AppDelegate.swift; sourceTree = "<group>"; };
		1855444523FA756D00355951 /* SceneDelegate.swift */ = {isa = PBXFileReference; lastKnownFileType = sourcecode.swift; path = SceneDelegate.swift; sourceTree = "<group>"; };
		1855444A23FA756D00355951 /* Base */ = {isa = PBXFileReference; lastKnownFileType = file.storyboard; name = Base; path = Base.lproj/Main.storyboard; sourceTree = "<group>"; };
		1855444C23FA757400355951 /* Assets.xcassets */ = {isa = PBXFileReference; lastKnownFileType = folder.assetcatalog; path = Assets.xcassets; sourceTree = "<group>"; };
		1855444F23FA757400355951 /* Base */ = {isa = PBXFileReference; lastKnownFileType = file.storyboard; name = Base; path = Base.lproj/LaunchScreen.storyboard; sourceTree = "<group>"; };
		1855445723FA782500355951 /* LoginViewController.swift */ = {isa = PBXFileReference; lastKnownFileType = sourcecode.swift; path = LoginViewController.swift; sourceTree = "<group>"; };
		1855445923FA784000355951 /* HomeViewController.swift */ = {isa = PBXFileReference; lastKnownFileType = sourcecode.swift; path = HomeViewController.swift; sourceTree = "<group>"; };
		1855445B23FA785400355951 /* ImageSelectViewController.swift */ = {isa = PBXFileReference; lastKnownFileType = sourcecode.swift; path = ImageSelectViewController.swift; sourceTree = "<group>"; };
		1855445D23FA786700355951 /* PostViewController.swift */ = {isa = PBXFileReference; lastKnownFileType = sourcecode.swift; path = PostViewController.swift; sourceTree = "<group>"; };
		1855445F23FA787600355951 /* SettingViewController.swift */ = {isa = PBXFileReference; lastKnownFileType = sourcecode.swift; path = SettingViewController.swift; sourceTree = "<group>"; };
		1855446123FA823500355951 /* TabBarController.swift */ = {isa = PBXFileReference; lastKnownFileType = sourcecode.swift; path = TabBarController.swift; sourceTree = "<group>"; };
		1855446323FAA57C00355951 /* Base */ = {isa = PBXFileReference; lastKnownFileType = text.plist.xml; name = Base; path = Base.lproj/Info.plist; sourceTree = "<group>"; };
		472DF33A0D4AB67B287CEFED /* Pods-Instagram.release.xcconfig */ = {isa = PBXFileReference; includeInIndex = 1; lastKnownFileType = text.xcconfig; name = "Pods-Instagram.release.xcconfig"; path = "Target Support Files/Pods-Instagram/Pods-Instagram.release.xcconfig"; sourceTree = "<group>"; };
		B00C3F8FB286D3BE67EF1617 /* Pods_Instagram.framework */ = {isa = PBXFileReference; explicitFileType = wrapper.framework; includeInIndex = 0; path = Pods_Instagram.framework; sourceTree = BUILT_PRODUCTS_DIR; };
		CCE9AE83B6F3C5D077EE6B7F /* Pods-Instagram.debug.xcconfig */ = {isa = PBXFileReference; includeInIndex = 1; lastKnownFileType = text.xcconfig; name = "Pods-Instagram.debug.xcconfig"; path = "Target Support Files/Pods-Instagram/Pods-Instagram.debug.xcconfig"; sourceTree = "<group>"; };
/* End PBXFileReference section */

/* Begin PBXFrameworksBuildPhase section */
		1855443D23FA756D00355951 /* Frameworks */ = {
			isa = PBXFrameworksBuildPhase;
			buildActionMask = 2147483647;
			files = (
				4CBC719C4F6F97CEB11295D7 /* Pods_Instagram.framework in Frameworks */,
			);
			runOnlyForDeploymentPostprocessing = 0;
		};
/* End PBXFrameworksBuildPhase section */

/* Begin PBXGroup section */
		1855443723FA756C00355951 = {
			isa = PBXGroup;
			children = (
				1855444223FA756D00355951 /* Instagram */,
				1855444123FA756D00355951 /* Products */,
				44C85B26C5DDD0D96C4A05FB /* Pods */,
				76EC97E57C82062994DDECB7 /* Frameworks */,
			);
			sourceTree = "<group>";
		};
		1855444123FA756D00355951 /* Products */ = {
			isa = PBXGroup;
			children = (
				1855444023FA756D00355951 /* Instagram.app */,
			);
			name = Products;
			sourceTree = "<group>";
		};
		1855444223FA756D00355951 /* Instagram */ = {
			isa = PBXGroup;
			children = (
				184A868923FD10FE00A07654 /* PostTableViewCell.xib */,
				185091B223FE529800FD2136 /* CommentViewController.swift */,
				1855444323FA756D00355951 /* AppDelegate.swift */,
				1855444523FA756D00355951 /* SceneDelegate.swift */,
				1855444923FA756D00355951 /* Main.storyboard */,
				1855444C23FA757400355951 /* Assets.xcassets */,
				1855444E23FA757400355951 /* LaunchScreen.storyboard */,
				1855446423FAA57C00355951 /* Info.plist */,
				184A868823FD10FE00A07654 /* PostTableViewCell.swift */,
				1855445723FA782500355951 /* LoginViewController.swift */,
				1855445923FA784000355951 /* HomeViewController.swift */,
				1855445B23FA785400355951 /* ImageSelectViewController.swift */,
				1855445D23FA786700355951 /* PostViewController.swift */,
				1855445F23FA787600355951 /* SettingViewController.swift */,
				1855446123FA823500355951 /* TabBarController.swift */,
				18527D3123FBC61C007126AB /* GoogleService-Info.plist */,
				184A868423FD0D2C00A07654 /* Const.swift */,
				184A868623FD101000A07654 /* PostData.swift */,
				185091B423FE83F100FD2136 /* PlaceHolderTextView.swift */,
			);
			path = Instagram;
			sourceTree = "<group>";
		};
		44C85B26C5DDD0D96C4A05FB /* Pods */ = {
			isa = PBXGroup;
			children = (
				CCE9AE83B6F3C5D077EE6B7F /* Pods-Instagram.debug.xcconfig */,
				472DF33A0D4AB67B287CEFED /* Pods-Instagram.release.xcconfig */,
			);
			path = Pods;
			sourceTree = "<group>";
		};
		76EC97E57C82062994DDECB7 /* Frameworks */ = {
			isa = PBXGroup;
			children = (
				B00C3F8FB286D3BE67EF1617 /* Pods_Instagram.framework */,
			);
			name = Frameworks;
			sourceTree = "<group>";
		};
/* End PBXGroup section */

/* Begin PBXNativeTarget section */
		1855443F23FA756D00355951 /* Instagram */ = {
			isa = PBXNativeTarget;
			buildConfigurationList = 1855445423FA757400355951 /* Build configuration list for PBXNativeTarget "Instagram" */;
			buildPhases = (
				B723658C43D7C1687F0152A6 /* [CP] Check Pods Manifest.lock */,
				1855443C23FA756D00355951 /* Sources */,
				1855443D23FA756D00355951 /* Frameworks */,
				1855443E23FA756D00355951 /* Resources */,
				360483CE00C325E2C98E5A2F /* [CP] Embed Pods Frameworks */,
			);
			buildRules = (
			);
			dependencies = (
			);
			name = Instagram;
			productName = Instagram;
			productReference = 1855444023FA756D00355951 /* Instagram.app */;
			productType = "com.apple.product-type.application";
		};
/* End PBXNativeTarget section */

/* Begin PBXProject section */
		1855443823FA756C00355951 /* Project object */ = {
			isa = PBXProject;
			attributes = {
				LastSwiftUpdateCheck = 1110;
				LastUpgradeCheck = 1110;
				ORGANIZATIONNAME = yo.sato;
				TargetAttributes = {
					1855443F23FA756D00355951 = {
						CreatedOnToolsVersion = 11.1;
					};
				};
			};
			buildConfigurationList = 1855443B23FA756C00355951 /* Build configuration list for PBXProject "Instagram" */;
			compatibilityVersion = "Xcode 9.3";
			developmentRegion = en;
			hasScannedForEncodings = 0;
			knownRegions = (
				en,
				Base,
			);
			mainGroup = 1855443723FA756C00355951;
			productRefGroup = 1855444123FA756D00355951 /* Products */;
			projectDirPath = "";
			projectRoot = "";
			targets = (
				1855443F23FA756D00355951 /* Instagram */,
			);
		};
/* End PBXProject section */

/* Begin PBXResourcesBuildPhase section */
		1855443E23FA756D00355951 /* Resources */ = {
			isa = PBXResourcesBuildPhase;
			buildActionMask = 2147483647;
			files = (
				1855445023FA757400355951 /* LaunchScreen.storyboard in Resources */,
				184A868B23FD10FE00A07654 /* PostTableViewCell.xib in Resources */,
				18527D3223FBC61C007126AB /* GoogleService-Info.plist in Resources */,
				1855444D23FA757400355951 /* Assets.xcassets in Resources */,
				1855444B23FA756D00355951 /* Main.storyboard in Resources */,
			);
			runOnlyForDeploymentPostprocessing = 0;
		};
/* End PBXResourcesBuildPhase section */

/* Begin PBXShellScriptBuildPhase section */
		360483CE00C325E2C98E5A2F /* [CP] Embed Pods Frameworks */ = {
			isa = PBXShellScriptBuildPhase;
			buildActionMask = 2147483647;
			files = (
			);
			inputFileListPaths = (
				"${PODS_ROOT}/Target Support Files/Pods-Instagram/Pods-Instagram-frameworks-${CONFIGURATION}-input-files.xcfilelist",
			);
			name = "[CP] Embed Pods Frameworks";
			outputFileListPaths = (
				"${PODS_ROOT}/Target Support Files/Pods-Instagram/Pods-Instagram-frameworks-${CONFIGURATION}-output-files.xcfilelist",
			);
			runOnlyForDeploymentPostprocessing = 0;
			shellPath = /bin/sh;
			shellScript = "\"${PODS_ROOT}/Target Support Files/Pods-Instagram/Pods-Instagram-frameworks.sh\"\n";
			showEnvVarsInLog = 0;
		};
		B723658C43D7C1687F0152A6 /* [CP] Check Pods Manifest.lock */ = {
			isa = PBXShellScriptBuildPhase;
			buildActionMask = 2147483647;
			files = (
			);
			inputFileListPaths = (
			);
			inputPaths = (
				"${PODS_PODFILE_DIR_PATH}/Podfile.lock",
				"${PODS_ROOT}/Manifest.lock",
			);
			name = "[CP] Check Pods Manifest.lock";
			outputFileListPaths = (
			);
			outputPaths = (
				"$(DERIVED_FILE_DIR)/Pods-Instagram-checkManifestLockResult.txt",
			);
			runOnlyForDeploymentPostprocessing = 0;
			shellPath = /bin/sh;
			shellScript = "diff \"${PODS_PODFILE_DIR_PATH}/Podfile.lock\" \"${PODS_ROOT}/Manifest.lock\" > /dev/null\nif [ $? != 0 ] ; then\n    # print error to STDERR\n    echo \"error: The sandbox is not in sync with the Podfile.lock. Run 'pod install' or update your CocoaPods installation.\" >&2\n    exit 1\nfi\n# This output is used by Xcode 'outputs' to avoid re-running this script phase.\necho \"SUCCESS\" > \"${SCRIPT_OUTPUT_FILE_0}\"\n";
			showEnvVarsInLog = 0;
		};
/* End PBXShellScriptBuildPhase section */

/* Begin PBXSourcesBuildPhase section */
		1855443C23FA756D00355951 /* Sources */ = {
			isa = PBXSourcesBuildPhase;
			buildActionMask = 2147483647;
			files = (
				184A868A23FD10FE00A07654 /* PostTableViewCell.swift in Sources */,
				1855445C23FA785400355951 /* ImageSelectViewController.swift in Sources */,
				1855446223FA823500355951 /* TabBarController.swift in Sources */,
				1855445A23FA784000355951 /* HomeViewController.swift in Sources */,
				1855445E23FA786700355951 /* PostViewController.swift in Sources */,
				185091B523FE83F100FD2136 /* PlaceHolderTextView.swift in Sources */,
				1855446023FA787600355951 /* SettingViewController.swift in Sources */,
				184A868723FD101000A07654 /* PostData.swift in Sources */,
				1855445823FA782500355951 /* LoginViewController.swift in Sources */,
				185091B323FE529800FD2136 /* CommentViewController.swift in Sources */,
				1855444423FA756D00355951 /* AppDelegate.swift in Sources */,
				1855444623FA756D00355951 /* SceneDelegate.swift in Sources */,
				184A868523FD0D2C00A07654 /* Const.swift in Sources */,
			);
			runOnlyForDeploymentPostprocessing = 0;
		};
/* End PBXSourcesBuildPhase section */

/* Begin PBXVariantGroup section */
		1855444923FA756D00355951 /* Main.storyboard */ = {
			isa = PBXVariantGroup;
			children = (
				1855444A23FA756D00355951 /* Base */,
			);
			name = Main.storyboard;
			sourceTree = "<group>";
		};
		1855444E23FA757400355951 /* LaunchScreen.storyboard */ = {
			isa = PBXVariantGroup;
			children = (
				1855444F23FA757400355951 /* Base */,
			);
			name = LaunchScreen.storyboard;
			sourceTree = "<group>";
		};
		1855446423FAA57C00355951 /* Info.plist */ = {
			isa = PBXVariantGroup;
			children = (
				1855446323FAA57C00355951 /* Base */,
			);
			name = Info.plist;
			sourceTree = "<group>";
		};
/* End PBXVariantGroup section */

/* Begin XCBuildConfiguration section */
		1855445223FA757400355951 /* Debug */ = {
			isa = XCBuildConfiguration;
			buildSettings = {
				ALWAYS_SEARCH_USER_PATHS = NO;
				CLANG_ANALYZER_NONNULL = YES;
				CLANG_ANALYZER_NUMBER_OBJECT_CONVERSION = YES_AGGRESSIVE;
				CLANG_CXX_LANGUAGE_STANDARD = "gnu++14";
				CLANG_CXX_LIBRARY = "libc++";
				CLANG_ENABLE_MODULES = YES;
				CLANG_ENABLE_OBJC_ARC = YES;
				CLANG_ENABLE_OBJC_WEAK = YES;
				CLANG_WARN_BLOCK_CAPTURE_AUTORELEASING = YES;
				CLANG_WARN_BOOL_CONVERSION = YES;
				CLANG_WARN_COMMA = YES;
				CLANG_WARN_CONSTANT_CONVERSION = YES;
				CLANG_WARN_DEPRECATED_OBJC_IMPLEMENTATIONS = YES;
				CLANG_WARN_DIRECT_OBJC_ISA_USAGE = YES_ERROR;
				CLANG_WARN_DOCUMENTATION_COMMENTS = YES;
				CLANG_WARN_EMPTY_BODY = YES;
				CLANG_WARN_ENUM_CONVERSION = YES;
				CLANG_WARN_INFINITE_RECURSION = YES;
				CLANG_WARN_INT_CONVERSION = YES;
				CLANG_WARN_NON_LITERAL_NULL_CONVERSION = YES;
				CLANG_WARN_OBJC_IMPLICIT_RETAIN_SELF = YES;
				CLANG_WARN_OBJC_LITERAL_CONVERSION = YES;
				CLANG_WARN_OBJC_ROOT_CLASS = YES_ERROR;
				CLANG_WARN_RANGE_LOOP_ANALYSIS = YES;
				CLANG_WARN_STRICT_PROTOTYPES = YES;
				CLANG_WARN_SUSPICIOUS_MOVE = YES;
				CLANG_WARN_UNGUARDED_AVAILABILITY = YES_AGGRESSIVE;
				CLANG_WARN_UNREACHABLE_CODE = YES;
				CLANG_WARN__DUPLICATE_METHOD_MATCH = YES;
				COPY_PHASE_STRIP = NO;
				DEBUG_INFORMATION_FORMAT = dwarf;
				ENABLE_STRICT_OBJC_MSGSEND = YES;
				ENABLE_TESTABILITY = YES;
				GCC_C_LANGUAGE_STANDARD = gnu11;
				GCC_DYNAMIC_NO_PIC = NO;
				GCC_NO_COMMON_BLOCKS = YES;
				GCC_OPTIMIZATION_LEVEL = 0;
				GCC_PREPROCESSOR_DEFINITIONS = (
					"DEBUG=1",
					"$(inherited)",
				);
				GCC_WARN_64_TO_32_BIT_CONVERSION = YES;
				GCC_WARN_ABOUT_RETURN_TYPE = YES_ERROR;
				GCC_WARN_UNDECLARED_SELECTOR = YES;
				GCC_WARN_UNINITIALIZED_AUTOS = YES_AGGRESSIVE;
				GCC_WARN_UNUSED_FUNCTION = YES;
				GCC_WARN_UNUSED_VARIABLE = YES;
				IPHONEOS_DEPLOYMENT_TARGET = 13.1;
				MTL_ENABLE_DEBUG_INFO = INCLUDE_SOURCE;
				MTL_FAST_MATH = YES;
				ONLY_ACTIVE_ARCH = YES;
				SDKROOT = iphoneos;
				SWIFT_ACTIVE_COMPILATION_CONDITIONS = DEBUG;
				SWIFT_OPTIMIZATION_LEVEL = "-Onone";
			};
			name = Debug;
		};
		1855445323FA757400355951 /* Release */ = {
			isa = XCBuildConfiguration;
			buildSettings = {
				ALWAYS_SEARCH_USER_PATHS = NO;
				CLANG_ANALYZER_NONNULL = YES;
				CLANG_ANALYZER_NUMBER_OBJECT_CONVERSION = YES_AGGRESSIVE;
				CLANG_CXX_LANGUAGE_STANDARD = "gnu++14";
				CLANG_CXX_LIBRARY = "libc++";
				CLANG_ENABLE_MODULES = YES;
				CLANG_ENABLE_OBJC_ARC = YES;
				CLANG_ENABLE_OBJC_WEAK = YES;
				CLANG_WARN_BLOCK_CAPTURE_AUTORELEASING = YES;
				CLANG_WARN_BOOL_CONVERSION = YES;
				CLANG_WARN_COMMA = YES;
				CLANG_WARN_CONSTANT_CONVERSION = YES;
				CLANG_WARN_DEPRECATED_OBJC_IMPLEMENTATIONS = YES;
				CLANG_WARN_DIRECT_OBJC_ISA_USAGE = YES_ERROR;
				CLANG_WARN_DOCUMENTATION_COMMENTS = YES;
				CLANG_WARN_EMPTY_BODY = YES;
				CLANG_WARN_ENUM_CONVERSION = YES;
				CLANG_WARN_INFINITE_RECURSION = YES;
				CLANG_WARN_INT_CONVERSION = YES;
				CLANG_WARN_NON_LITERAL_NULL_CONVERSION = YES;
				CLANG_WARN_OBJC_IMPLICIT_RETAIN_SELF = YES;
				CLANG_WARN_OBJC_LITERAL_CONVERSION = YES;
				CLANG_WARN_OBJC_ROOT_CLASS = YES_ERROR;
				CLANG_WARN_RANGE_LOOP_ANALYSIS = YES;
				CLANG_WARN_STRICT_PROTOTYPES = YES;
				CLANG_WARN_SUSPICIOUS_MOVE = YES;
				CLANG_WARN_UNGUARDED_AVAILABILITY = YES_AGGRESSIVE;
				CLANG_WARN_UNREACHABLE_CODE = YES;
				CLANG_WARN__DUPLICATE_METHOD_MATCH = YES;
				COPY_PHASE_STRIP = NO;
				DEBUG_INFORMATION_FORMAT = "dwarf-with-dsym";
				ENABLE_NS_ASSERTIONS = NO;
				ENABLE_STRICT_OBJC_MSGSEND = YES;
				GCC_C_LANGUAGE_STANDARD = gnu11;
				GCC_NO_COMMON_BLOCKS = YES;
				GCC_WARN_64_TO_32_BIT_CONVERSION = YES;
				GCC_WARN_ABOUT_RETURN_TYPE = YES_ERROR;
				GCC_WARN_UNDECLARED_SELECTOR = YES;
				GCC_WARN_UNINITIALIZED_AUTOS = YES_AGGRESSIVE;
				GCC_WARN_UNUSED_FUNCTION = YES;
				GCC_WARN_UNUSED_VARIABLE = YES;
				IPHONEOS_DEPLOYMENT_TARGET = 13.1;
				MTL_ENABLE_DEBUG_INFO = NO;
				MTL_FAST_MATH = YES;
				SDKROOT = iphoneos;
				SWIFT_COMPILATION_MODE = wholemodule;
				SWIFT_OPTIMIZATION_LEVEL = "-O";
				VALIDATE_PRODUCT = YES;
			};
			name = Release;
		};
		1855445523FA757400355951 /* Debug */ = {
			isa = XCBuildConfiguration;
			baseConfigurationReference = CCE9AE83B6F3C5D077EE6B7F /* Pods-Instagram.debug.xcconfig */;
			buildSettings = {
				ASSETCATALOG_COMPILER_APPICON_NAME = AppIcon;
				CODE_SIGN_STYLE = Automatic;
				DEVELOPMENT_TEAM = L73PW6959M;
				INFOPLIST_FILE = Instagram/Info.plist;
				LD_RUNPATH_SEARCH_PATHS = (
					"$(inherited)",
					"@executable_path/Frameworks",
				);
				PRODUCT_BUNDLE_IDENTIFIER = jp.techacademy.yo.sato.Instagram;
				PRODUCT_NAME = "$(TARGET_NAME)";
				SWIFT_VERSION = 5.0;
				TARGETED_DEVICE_FAMILY = 1;
			};
			name = Debug;
		};
		1855445623FA757400355951 /* Release */ = {
			isa = XCBuildConfiguration;
			baseConfigurationReference = 472DF33A0D4AB67B287CEFED /* Pods-Instagram.release.xcconfig */;
			buildSettings = {
				ASSETCATALOG_COMPILER_APPICON_NAME = AppIcon;
				CODE_SIGN_STYLE = Automatic;
				DEVELOPMENT_TEAM = L73PW6959M;
				INFOPLIST_FILE = Instagram/Info.plist;
				LD_RUNPATH_SEARCH_PATHS = (
					"$(inherited)",
					"@executable_path/Frameworks",
				);
				PRODUCT_BUNDLE_IDENTIFIER = jp.techacademy.yo.sato.Instagram;
				PRODUCT_NAME = "$(TARGET_NAME)";
				SWIFT_VERSION = 5.0;
				TARGETED_DEVICE_FAMILY = 1;
			};
			name = Release;
		};
/* End XCBuildConfiguration section */

/* Begin XCConfigurationList section */
		1855443B23FA756C00355951 /* Build configuration list for PBXProject "Instagram" */ = {
			isa = XCConfigurationList;
			buildConfigurations = (
				1855445223FA757400355951 /* Debug */,
				1855445323FA757400355951 /* Release */,
			);
			defaultConfigurationIsVisible = 0;
			defaultConfigurationName = Release;
		};
		1855445423FA757400355951 /* Build configuration list for PBXNativeTarget "Instagram" */ = {
			isa = XCConfigurationList;
			buildConfigurations = (
				1855445523FA757400355951 /* Debug */,
				1855445623FA757400355951 /* Release */,
			);
			defaultConfigurationIsVisible = 0;
			defaultConfigurationName = Release;
		};
/* End XCConfigurationList section */
	};
	rootObject = 1855443823FA756C00355951 /* Project object */;
}
